// !$*UTF8*$!
{
	archiveVersion = 1;
	classes = {
	};
	objectVersion = 46;
	objects = {

/* Begin PBXBuildFile section */
		CE0368701C617ECD006333DA /* NetworkQueue.swift in Sources */ = {isa = PBXBuildFile; fileRef = CE03686F1C617ECD006333DA /* NetworkQueue.swift */; };
		CE22F3B81C45D0A000AD2BFB /* NetworkDAO.swift in Sources */ = {isa = PBXBuildFile; fileRef = CE22F3B71C45D0A000AD2BFB /* NetworkDAO.swift */; };
		CE22F3BB1C45F19B00AD2BFB /* QueryHistoryViewController.swift in Sources */ = {isa = PBXBuildFile; fileRef = CE22F3BA1C45F19B00AD2BFB /* QueryHistoryViewController.swift */; };
		CE391DDF1C4E06EB002FD2A1 /* SolutionDetailViewController.swift in Sources */ = {isa = PBXBuildFile; fileRef = CE391DDE1C4E06EB002FD2A1 /* SolutionDetailViewController.swift */; };
		CE3967221C4DA82D00F1BB71 /* SolutionsViewController.swift in Sources */ = {isa = PBXBuildFile; fileRef = CE3967211C4DA82D00F1BB71 /* SolutionsViewController.swift */; };
		CE53AE951C62F04000008F4A /* Timer.swift in Sources */ = {isa = PBXBuildFile; fileRef = CE53AE941C62F04000008F4A /* Timer.swift */; };
		CE64683E1C459FB0002F73A0 /* AppDelegate.swift in Sources */ = {isa = PBXBuildFile; fileRef = CE64683D1C459FB0002F73A0 /* AppDelegate.swift */; };
		CE6468431C459FB0002F73A0 /* Main.storyboard in Resources */ = {isa = PBXBuildFile; fileRef = CE6468411C459FB0002F73A0 /* Main.storyboard */; };
		CE6468461C459FB0002F73A0 /* FriendsBestiOS.xcdatamodeld in Sources */ = {isa = PBXBuildFile; fileRef = CE6468441C459FB0002F73A0 /* FriendsBestiOS.xcdatamodeld */; };
		CE6468481C459FB0002F73A0 /* Assets.xcassets in Resources */ = {isa = PBXBuildFile; fileRef = CE6468471C459FB0002F73A0 /* Assets.xcassets */; };
		CE64684B1C459FB0002F73A0 /* LaunchScreen.storyboard in Resources */ = {isa = PBXBuildFile; fileRef = CE6468491C459FB0002F73A0 /* LaunchScreen.storyboard */; };
		CE6468561C459FB0002F73A0 /* FriendsBestiOSTests.swift in Sources */ = {isa = PBXBuildFile; fileRef = CE6468551C459FB0002F73A0 /* FriendsBestiOSTests.swift */; };
		CE6468611C459FB0002F73A0 /* FriendsBestiOSUITests.swift in Sources */ = {isa = PBXBuildFile; fileRef = CE6468601C459FB0002F73A0 /* FriendsBestiOSUITests.swift */; };
		CE67F1B21C59156A001056C3 /* Extensions.swift in Sources */ = {isa = PBXBuildFile; fileRef = CE67F1B11C59156A001056C3 /* Extensions.swift */; };
		CE9287A71C582197009A580F /* NewRecommendationViewController.swift in Sources */ = {isa = PBXBuildFile; fileRef = CE9287A61C582197009A580F /* NewRecommendationViewController.swift */; };
		CE9287A91C582C0C009A580F /* NewRecommendationView.swift in Sources */ = {isa = PBXBuildFile; fileRef = CE9287A81C582C0C009A580F /* NewRecommendationView.swift */; };
		CE92887E1C588862009A580F /* CoreText.framework in Frameworks */ = {isa = PBXBuildFile; fileRef = CE92887D1C588862009A580F /* CoreText.framework */; };
		CE9288961C588BAE009A580F /* FAKFontAwesome.m in Sources */ = {isa = PBXBuildFile; fileRef = CE9288811C588BAE009A580F /* FAKFontAwesome.m */; };
		CE9288971C588BAE009A580F /* FAKFoundationIcons.m in Sources */ = {isa = PBXBuildFile; fileRef = CE9288831C588BAE009A580F /* FAKFoundationIcons.m */; };
		CE9288981C588BAE009A580F /* FAKIcon.m in Sources */ = {isa = PBXBuildFile; fileRef = CE9288851C588BAE009A580F /* FAKIcon.m */; };
		CE9288991C588BAE009A580F /* FAKIonIcons.m in Sources */ = {isa = PBXBuildFile; fileRef = CE9288871C588BAE009A580F /* FAKIonIcons.m */; };
		CE92889A1C588BAE009A580F /* FAKMaterialIcons.m in Sources */ = {isa = PBXBuildFile; fileRef = CE9288891C588BAE009A580F /* FAKMaterialIcons.m */; };
		CE92889B1C588BAE009A580F /* FAKOcticons.m in Sources */ = {isa = PBXBuildFile; fileRef = CE92888B1C588BAE009A580F /* FAKOcticons.m */; };
		CE92889C1C588BAE009A580F /* FAKZocial.m in Sources */ = {isa = PBXBuildFile; fileRef = CE92888D1C588BAE009A580F /* FAKZocial.m */; };
		CE92889D1C588BAE009A580F /* FontAwesome.otf in Resources */ = {isa = PBXBuildFile; fileRef = CE92888E1C588BAE009A580F /* FontAwesome.otf */; };
		CE92889E1C588BAE009A580F /* FontAwesomeKit.podspec in Resources */ = {isa = PBXBuildFile; fileRef = CE9288901C588BAE009A580F /* FontAwesomeKit.podspec */; };
		CE92889F1C588BAE009A580F /* foundation-icons.ttf in Resources */ = {isa = PBXBuildFile; fileRef = CE9288911C588BAE009A580F /* foundation-icons.ttf */; };
		CE9288A01C588BAE009A580F /* ionicons.ttf in Resources */ = {isa = PBXBuildFile; fileRef = CE9288921C588BAE009A580F /* ionicons.ttf */; };
		CE9288A11C588BAE009A580F /* Material-Design-Iconic-Font.ttf in Resources */ = {isa = PBXBuildFile; fileRef = CE9288931C588BAE009A580F /* Material-Design-Iconic-Font.ttf */; };
		CE9288A21C588BAE009A580F /* octicons.ttf in Resources */ = {isa = PBXBuildFile; fileRef = CE9288941C588BAE009A580F /* octicons.ttf */; };
		CE9288A31C588BAE009A580F /* zocial-regular-webfont.ttf in Resources */ = {isa = PBXBuildFile; fileRef = CE9288951C588BAE009A580F /* zocial-regular-webfont.ttf */; };
		CE9F33611C604B3C0018DBC0 /* FBSDKLoginKit.framework in Frameworks */ = {isa = PBXBuildFile; fileRef = CE9F33601C604B3C0018DBC0 /* FBSDKLoginKit.framework */; };
		CE9F33631C604B7B0018DBC0 /* FacebookLoginViewController.swift in Sources */ = {isa = PBXBuildFile; fileRef = CE9F33621C604B7B0018DBC0 /* FacebookLoginViewController.swift */; };
		CE9F33671C60624B0018DBC0 /* FacebookLoginView.swift in Sources */ = {isa = PBXBuildFile; fileRef = CE9F33661C60624B0018DBC0 /* FacebookLoginView.swift */; };
		CEB593621C5171BE00F6AE6C /* FBSDKCoreKit.framework in Frameworks */ = {isa = PBXBuildFile; fileRef = CEB593611C5171BE00F6AE6C /* FBSDKCoreKit.framework */; };
		CEBAA2811C4C1DB50062B38F /* DataModel.swift in Sources */ = {isa = PBXBuildFile; fileRef = CEBAA2801C4C1DB50062B38F /* DataModel.swift */; };
		CEBAA2831C4C4B450062B38F /* DataController.swift in Sources */ = {isa = PBXBuildFile; fileRef = CEBAA2821C4C4B450062B38F /* DataController.swift */; };
		CEBAA2851C4C584F0062B38F /* MainScreenViewController.swift in Sources */ = {isa = PBXBuildFile; fileRef = CEBAA2841C4C584F0062B38F /* MainScreenViewController.swift */; };
		CEBAA2871C4C5BDB0062B38F /* MainView.swift in Sources */ = {isa = PBXBuildFile; fileRef = CEBAA2861C4C5BDB0062B38F /* MainView.swift */; };
/* End PBXBuildFile section */

/* Begin PBXContainerItemProxy section */
		CE6468521C459FB0002F73A0 /* PBXContainerItemProxy */ = {
			isa = PBXContainerItemProxy;
			containerPortal = CE6468321C459FB0002F73A0 /* Project object */;
			proxyType = 1;
			remoteGlobalIDString = CE6468391C459FB0002F73A0;
			remoteInfo = FriendsBestiOS;
		};
		CE64685D1C459FB0002F73A0 /* PBXContainerItemProxy */ = {
			isa = PBXContainerItemProxy;
			containerPortal = CE6468321C459FB0002F73A0 /* Project object */;
			proxyType = 1;
			remoteGlobalIDString = CE6468391C459FB0002F73A0;
			remoteInfo = FriendsBestiOS;
		};
/* End PBXContainerItemProxy section */

/* Begin PBXFileReference section */
		CE03686F1C617ECD006333DA /* NetworkQueue.swift */ = {isa = PBXFileReference; fileEncoding = 4; lastKnownFileType = sourcecode.swift; path = NetworkQueue.swift; sourceTree = "<group>"; };
		CE22F3B71C45D0A000AD2BFB /* NetworkDAO.swift */ = {isa = PBXFileReference; fileEncoding = 4; lastKnownFileType = sourcecode.swift; path = NetworkDAO.swift; sourceTree = "<group>"; };
		CE22F3BA1C45F19B00AD2BFB /* QueryHistoryViewController.swift */ = {isa = PBXFileReference; fileEncoding = 4; lastKnownFileType = sourcecode.swift; path = QueryHistoryViewController.swift; sourceTree = "<group>"; };
		CE391DDE1C4E06EB002FD2A1 /* SolutionDetailViewController.swift */ = {isa = PBXFileReference; fileEncoding = 4; lastKnownFileType = sourcecode.swift; path = SolutionDetailViewController.swift; sourceTree = "<group>"; };
		CE3967211C4DA82D00F1BB71 /* SolutionsViewController.swift */ = {isa = PBXFileReference; fileEncoding = 4; lastKnownFileType = sourcecode.swift; path = SolutionsViewController.swift; sourceTree = "<group>"; };
		CE53AE941C62F04000008F4A /* Timer.swift */ = {isa = PBXFileReference; fileEncoding = 4; lastKnownFileType = sourcecode.swift; path = Timer.swift; sourceTree = "<group>"; };
		CE64683A1C459FB0002F73A0 /* FriendsBestiOS.app */ = {isa = PBXFileReference; explicitFileType = wrapper.application; includeInIndex = 0; path = FriendsBestiOS.app; sourceTree = BUILT_PRODUCTS_DIR; };
		CE64683D1C459FB0002F73A0 /* AppDelegate.swift */ = {isa = PBXFileReference; lastKnownFileType = sourcecode.swift; path = AppDelegate.swift; sourceTree = "<group>"; };
		CE6468421C459FB0002F73A0 /* Base */ = {isa = PBXFileReference; lastKnownFileType = file.storyboard; name = Base; path = Base.lproj/Main.storyboard; sourceTree = "<group>"; };
		CE6468451C459FB0002F73A0 /* FriendsBestiOS.xcdatamodel */ = {isa = PBXFileReference; lastKnownFileType = wrapper.xcdatamodel; path = FriendsBestiOS.xcdatamodel; sourceTree = "<group>"; };
		CE6468471C459FB0002F73A0 /* Assets.xcassets */ = {isa = PBXFileReference; lastKnownFileType = folder.assetcatalog; path = Assets.xcassets; sourceTree = "<group>"; };
		CE64684A1C459FB0002F73A0 /* Base */ = {isa = PBXFileReference; lastKnownFileType = file.storyboard; name = Base; path = Base.lproj/LaunchScreen.storyboard; sourceTree = "<group>"; };
		CE64684C1C459FB0002F73A0 /* Info.plist */ = {isa = PBXFileReference; lastKnownFileType = text.plist.xml; path = Info.plist; sourceTree = "<group>"; };
		CE6468511C459FB0002F73A0 /* FriendsBestiOSTests.xctest */ = {isa = PBXFileReference; explicitFileType = wrapper.cfbundle; includeInIndex = 0; path = FriendsBestiOSTests.xctest; sourceTree = BUILT_PRODUCTS_DIR; };
		CE6468551C459FB0002F73A0 /* FriendsBestiOSTests.swift */ = {isa = PBXFileReference; lastKnownFileType = sourcecode.swift; path = FriendsBestiOSTests.swift; sourceTree = "<group>"; };
		CE6468571C459FB0002F73A0 /* Info.plist */ = {isa = PBXFileReference; lastKnownFileType = text.plist.xml; path = Info.plist; sourceTree = "<group>"; };
		CE64685C1C459FB0002F73A0 /* FriendsBestiOSUITests.xctest */ = {isa = PBXFileReference; explicitFileType = wrapper.cfbundle; includeInIndex = 0; path = FriendsBestiOSUITests.xctest; sourceTree = BUILT_PRODUCTS_DIR; };
		CE6468601C459FB0002F73A0 /* FriendsBestiOSUITests.swift */ = {isa = PBXFileReference; lastKnownFileType = sourcecode.swift; path = FriendsBestiOSUITests.swift; sourceTree = "<group>"; };
		CE6468621C459FB0002F73A0 /* Info.plist */ = {isa = PBXFileReference; lastKnownFileType = text.plist.xml; path = Info.plist; sourceTree = "<group>"; };
		CE67F1B01C589176001056C3 /* FontAwesome-Header.h */ = {isa = PBXFileReference; lastKnownFileType = sourcecode.c.h; path = "FontAwesome-Header.h"; sourceTree = "<group>"; };
		CE67F1B11C59156A001056C3 /* Extensions.swift */ = {isa = PBXFileReference; fileEncoding = 4; lastKnownFileType = sourcecode.swift; path = Extensions.swift; sourceTree = "<group>"; };
		CE9287A61C582197009A580F /* NewRecommendationViewController.swift */ = {isa = PBXFileReference; fileEncoding = 4; lastKnownFileType = sourcecode.swift; path = NewRecommendationViewController.swift; sourceTree = "<group>"; };
		CE9287A81C582C0C009A580F /* NewRecommendationView.swift */ = {isa = PBXFileReference; fileEncoding = 4; lastKnownFileType = sourcecode.swift; path = NewRecommendationView.swift; sourceTree = "<group>"; };
		CE92887D1C588862009A580F /* CoreText.framework */ = {isa = PBXFileReference; lastKnownFileType = wrapper.framework; name = CoreText.framework; path = System/Library/Frameworks/CoreText.framework; sourceTree = SDKROOT; };
		CE9288801C588BAE009A580F /* FAKFontAwesome.h */ = {isa = PBXFileReference; fileEncoding = 4; lastKnownFileType = sourcecode.c.h; path = FAKFontAwesome.h; sourceTree = "<group>"; };
		CE9288811C588BAE009A580F /* FAKFontAwesome.m */ = {isa = PBXFileReference; fileEncoding = 4; lastKnownFileType = sourcecode.c.objc; path = FAKFontAwesome.m; sourceTree = "<group>"; };
		CE9288821C588BAE009A580F /* FAKFoundationIcons.h */ = {isa = PBXFileReference; fileEncoding = 4; lastKnownFileType = sourcecode.c.h; path = FAKFoundationIcons.h; sourceTree = "<group>"; };
		CE9288831C588BAE009A580F /* FAKFoundationIcons.m */ = {isa = PBXFileReference; fileEncoding = 4; lastKnownFileType = sourcecode.c.objc; path = FAKFoundationIcons.m; sourceTree = "<group>"; };
		CE9288841C588BAE009A580F /* FAKIcon.h */ = {isa = PBXFileReference; fileEncoding = 4; lastKnownFileType = sourcecode.c.h; path = FAKIcon.h; sourceTree = "<group>"; };
		CE9288851C588BAE009A580F /* FAKIcon.m */ = {isa = PBXFileReference; fileEncoding = 4; lastKnownFileType = sourcecode.c.objc; path = FAKIcon.m; sourceTree = "<group>"; };
		CE9288861C588BAE009A580F /* FAKIonIcons.h */ = {isa = PBXFileReference; fileEncoding = 4; lastKnownFileType = sourcecode.c.h; path = FAKIonIcons.h; sourceTree = "<group>"; };
		CE9288871C588BAE009A580F /* FAKIonIcons.m */ = {isa = PBXFileReference; fileEncoding = 4; lastKnownFileType = sourcecode.c.objc; path = FAKIonIcons.m; sourceTree = "<group>"; };
		CE9288881C588BAE009A580F /* FAKMaterialIcons.h */ = {isa = PBXFileReference; fileEncoding = 4; lastKnownFileType = sourcecode.c.h; path = FAKMaterialIcons.h; sourceTree = "<group>"; };
		CE9288891C588BAE009A580F /* FAKMaterialIcons.m */ = {isa = PBXFileReference; fileEncoding = 4; lastKnownFileType = sourcecode.c.objc; path = FAKMaterialIcons.m; sourceTree = "<group>"; };
		CE92888A1C588BAE009A580F /* FAKOcticons.h */ = {isa = PBXFileReference; fileEncoding = 4; lastKnownFileType = sourcecode.c.h; path = FAKOcticons.h; sourceTree = "<group>"; };
		CE92888B1C588BAE009A580F /* FAKOcticons.m */ = {isa = PBXFileReference; fileEncoding = 4; lastKnownFileType = sourcecode.c.objc; path = FAKOcticons.m; sourceTree = "<group>"; };
		CE92888C1C588BAE009A580F /* FAKZocial.h */ = {isa = PBXFileReference; fileEncoding = 4; lastKnownFileType = sourcecode.c.h; path = FAKZocial.h; sourceTree = "<group>"; };
		CE92888D1C588BAE009A580F /* FAKZocial.m */ = {isa = PBXFileReference; fileEncoding = 4; lastKnownFileType = sourcecode.c.objc; path = FAKZocial.m; sourceTree = "<group>"; };
		CE92888E1C588BAE009A580F /* FontAwesome.otf */ = {isa = PBXFileReference; lastKnownFileType = file; path = FontAwesome.otf; sourceTree = "<group>"; };
		CE92888F1C588BAE009A580F /* FontAwesomeKit.h */ = {isa = PBXFileReference; fileEncoding = 4; lastKnownFileType = sourcecode.c.h; path = FontAwesomeKit.h; sourceTree = "<group>"; };
		CE9288901C588BAE009A580F /* FontAwesomeKit.podspec */ = {isa = PBXFileReference; fileEncoding = 4; lastKnownFileType = text; path = FontAwesomeKit.podspec; sourceTree = "<group>"; };
		CE9288911C588BAE009A580F /* foundation-icons.ttf */ = {isa = PBXFileReference; lastKnownFileType = file; path = "foundation-icons.ttf"; sourceTree = "<group>"; };
		CE9288921C588BAE009A580F /* ionicons.ttf */ = {isa = PBXFileReference; lastKnownFileType = file; path = ionicons.ttf; sourceTree = "<group>"; };
		CE9288931C588BAE009A580F /* Material-Design-Iconic-Font.ttf */ = {isa = PBXFileReference; lastKnownFileType = file; path = "Material-Design-Iconic-Font.ttf"; sourceTree = "<group>"; };
		CE9288941C588BAE009A580F /* octicons.ttf */ = {isa = PBXFileReference; lastKnownFileType = file; path = octicons.ttf; sourceTree = "<group>"; };
		CE9288951C588BAE009A580F /* zocial-regular-webfont.ttf */ = {isa = PBXFileReference; lastKnownFileType = file; path = "zocial-regular-webfont.ttf"; sourceTree = "<group>"; };
		CE9F33601C604B3C0018DBC0 /* FBSDKLoginKit.framework */ = {isa = PBXFileReference; lastKnownFileType = wrapper.framework; path = FBSDKLoginKit.framework; sourceTree = "<group>"; };
		CE9F33621C604B7B0018DBC0 /* FacebookLoginViewController.swift */ = {isa = PBXFileReference; fileEncoding = 4; lastKnownFileType = sourcecode.swift; path = FacebookLoginViewController.swift; sourceTree = "<group>"; };
		CE9F33661C60624B0018DBC0 /* FacebookLoginView.swift */ = {isa = PBXFileReference; fileEncoding = 4; lastKnownFileType = sourcecode.swift; path = FacebookLoginView.swift; sourceTree = "<group>"; };
		CEB593611C5171BE00F6AE6C /* FBSDKCoreKit.framework */ = {isa = PBXFileReference; lastKnownFileType = wrapper.framework; path = FBSDKCoreKit.framework; sourceTree = "<group>"; };
		CEBAA2801C4C1DB50062B38F /* DataModel.swift */ = {isa = PBXFileReference; fileEncoding = 4; lastKnownFileType = sourcecode.swift; path = DataModel.swift; sourceTree = "<group>"; };
		CEBAA2821C4C4B450062B38F /* DataController.swift */ = {isa = PBXFileReference; fileEncoding = 4; lastKnownFileType = sourcecode.swift; path = DataController.swift; sourceTree = "<group>"; };
		CEBAA2841C4C584F0062B38F /* MainScreenViewController.swift */ = {isa = PBXFileReference; fileEncoding = 4; lastKnownFileType = sourcecode.swift; path = MainScreenViewController.swift; sourceTree = "<group>"; };
		CEBAA2861C4C5BDB0062B38F /* MainView.swift */ = {isa = PBXFileReference; fileEncoding = 4; lastKnownFileType = sourcecode.swift; path = MainView.swift; sourceTree = "<group>"; };
/* End PBXFileReference section */

/* Begin PBXFrameworksBuildPhase section */
		CE6468371C459FB0002F73A0 /* Frameworks */ = {
			isa = PBXFrameworksBuildPhase;
			buildActionMask = 2147483647;
			files = (
				CE92887E1C588862009A580F /* CoreText.framework in Frameworks */,
				CEB593621C5171BE00F6AE6C /* FBSDKCoreKit.framework in Frameworks */,
				CE9F33611C604B3C0018DBC0 /* FBSDKLoginKit.framework in Frameworks */,
			);
			runOnlyForDeploymentPostprocessing = 0;
		};
		CE64684E1C459FB0002F73A0 /* Frameworks */ = {
			isa = PBXFrameworksBuildPhase;
			buildActionMask = 2147483647;
			files = (
			);
			runOnlyForDeploymentPostprocessing = 0;
		};
		CE6468591C459FB0002F73A0 /* Frameworks */ = {
			isa = PBXFrameworksBuildPhase;
			buildActionMask = 2147483647;
			files = (
			);
			runOnlyForDeploymentPostprocessing = 0;
		};
/* End PBXFrameworksBuildPhase section */

/* Begin PBXGroup section */
		CE22F3B61C45D07500AD2BFB /* Model */ = {
			isa = PBXGroup;
			children = (
				CEBAA2801C4C1DB50062B38F /* DataModel.swift */,
				CE22F3B71C45D0A000AD2BFB /* NetworkDAO.swift */,
				CEBAA2821C4C4B450062B38F /* DataController.swift */,
				CE67F1B11C59156A001056C3 /* Extensions.swift */,
				CE03686F1C617ECD006333DA /* NetworkQueue.swift */,
				CE53AE941C62F04000008F4A /* Timer.swift */,
			);
			name = Model;
			sourceTree = "<group>";
		};
		CE22F3B91C45F14900AD2BFB /* Controller */ = {
			isa = PBXGroup;
			children = (
				CEBAA2841C4C584F0062B38F /* MainScreenViewController.swift */,
				CE22F3BA1C45F19B00AD2BFB /* QueryHistoryViewController.swift */,
				CE3967211C4DA82D00F1BB71 /* SolutionsViewController.swift */,
				CE391DDE1C4E06EB002FD2A1 /* SolutionDetailViewController.swift */,
				CE9287A61C582197009A580F /* NewRecommendationViewController.swift */,
				CE9F33621C604B7B0018DBC0 /* FacebookLoginViewController.swift */,
			);
			name = Controller;
			sourceTree = "<group>";
		};
		CE22F3BC1C481C2B00AD2BFB /* View */ = {
			isa = PBXGroup;
			children = (
				CE6F6AFD1C4C6B5E0095BCA7 /* Main */,
			);
			name = View;
			sourceTree = "<group>";
		};
		CE6468311C459FB0002F73A0 = {
			isa = PBXGroup;
			children = (
				CE64683C1C459FB0002F73A0 /* FriendsBestiOS */,
				CEB593601C51715E00F6AE6C /* Frameworks */,
				CE6468541C459FB0002F73A0 /* FriendsBestiOSTests */,
				CE64685F1C459FB0002F73A0 /* FriendsBestiOSUITests */,
				CE64683B1C459FB0002F73A0 /* Products */,
			);
			sourceTree = "<group>";
		};
		CE64683B1C459FB0002F73A0 /* Products */ = {
			isa = PBXGroup;
			children = (
				CE64683A1C459FB0002F73A0 /* FriendsBestiOS.app */,
				CE6468511C459FB0002F73A0 /* FriendsBestiOSTests.xctest */,
				CE64685C1C459FB0002F73A0 /* FriendsBestiOSUITests.xctest */,
			);
			name = Products;
			sourceTree = "<group>";
		};
		CE64683C1C459FB0002F73A0 /* FriendsBestiOS */ = {
			isa = PBXGroup;
			children = (
				CE67F1B01C589176001056C3 /* FontAwesome-Header.h */,
				CE92887F1C588BAE009A580F /* FontAwesomeKit */,
				CE64683D1C459FB0002F73A0 /* AppDelegate.swift */,
				CE22F3BC1C481C2B00AD2BFB /* View */,
				CE22F3B91C45F14900AD2BFB /* Controller */,
				CE22F3B61C45D07500AD2BFB /* Model */,
				CE6468411C459FB0002F73A0 /* Main.storyboard */,
				CE6468471C459FB0002F73A0 /* Assets.xcassets */,
				CE6468491C459FB0002F73A0 /* LaunchScreen.storyboard */,
				CE64684C1C459FB0002F73A0 /* Info.plist */,
				CE6468441C459FB0002F73A0 /* FriendsBestiOS.xcdatamodeld */,
			);
			path = FriendsBestiOS;
			sourceTree = "<group>";
		};
		CE6468541C459FB0002F73A0 /* FriendsBestiOSTests */ = {
			isa = PBXGroup;
			children = (
				CE6468551C459FB0002F73A0 /* FriendsBestiOSTests.swift */,
				CE6468571C459FB0002F73A0 /* Info.plist */,
			);
			path = FriendsBestiOSTests;
			sourceTree = "<group>";
		};
		CE64685F1C459FB0002F73A0 /* FriendsBestiOSUITests */ = {
			isa = PBXGroup;
			children = (
				CE6468601C459FB0002F73A0 /* FriendsBestiOSUITests.swift */,
				CE6468621C459FB0002F73A0 /* Info.plist */,
			);
			path = FriendsBestiOSUITests;
			sourceTree = "<group>";
		};
		CE6F6AFD1C4C6B5E0095BCA7 /* Main */ = {
			isa = PBXGroup;
			children = (
				CEBAA2861C4C5BDB0062B38F /* MainView.swift */,
				CE9287A81C582C0C009A580F /* NewRecommendationView.swift */,
				CE9F33661C60624B0018DBC0 /* FacebookLoginView.swift */,
			);
			name = Main;
			sourceTree = "<group>";
		};
		CE92887F1C588BAE009A580F /* FontAwesomeKit */ = {
			isa = PBXGroup;
			children = (
				CE9288801C588BAE009A580F /* FAKFontAwesome.h */,
				CE9288811C588BAE009A580F /* FAKFontAwesome.m */,
				CE9288821C588BAE009A580F /* FAKFoundationIcons.h */,
				CE9288831C588BAE009A580F /* FAKFoundationIcons.m */,
				CE9288841C588BAE009A580F /* FAKIcon.h */,
				CE9288851C588BAE009A580F /* FAKIcon.m */,
				CE9288861C588BAE009A580F /* FAKIonIcons.h */,
				CE9288871C588BAE009A580F /* FAKIonIcons.m */,
				CE9288881C588BAE009A580F /* FAKMaterialIcons.h */,
				CE9288891C588BAE009A580F /* FAKMaterialIcons.m */,
				CE92888A1C588BAE009A580F /* FAKOcticons.h */,
				CE92888B1C588BAE009A580F /* FAKOcticons.m */,
				CE92888C1C588BAE009A580F /* FAKZocial.h */,
				CE92888D1C588BAE009A580F /* FAKZocial.m */,
				CE92888E1C588BAE009A580F /* FontAwesome.otf */,
				CE92888F1C588BAE009A580F /* FontAwesomeKit.h */,
				CE9288901C588BAE009A580F /* FontAwesomeKit.podspec */,
				CE9288911C588BAE009A580F /* foundation-icons.ttf */,
				CE9288921C588BAE009A580F /* ionicons.ttf */,
				CE9288931C588BAE009A580F /* Material-Design-Iconic-Font.ttf */,
				CE9288941C588BAE009A580F /* octicons.ttf */,
				CE9288951C588BAE009A580F /* zocial-regular-webfont.ttf */,
			);
			path = FontAwesomeKit;
			sourceTree = "<group>";
		};
		CEB593601C51715E00F6AE6C /* Frameworks */ = {
			isa = PBXGroup;
			children = (
				CE9F33601C604B3C0018DBC0 /* FBSDKLoginKit.framework */,
				CE92887D1C588862009A580F /* CoreText.framework */,
				CEB593611C5171BE00F6AE6C /* FBSDKCoreKit.framework */,
			);
			name = Frameworks;
			sourceTree = "<group>";
		};
/* End PBXGroup section */

/* Begin PBXNativeTarget section */
		CE6468391C459FB0002F73A0 /* FriendsBestiOS */ = {
			isa = PBXNativeTarget;
			buildConfigurationList = CE6468651C459FB0002F73A0 /* Build configuration list for PBXNativeTarget "FriendsBestiOS" */;
			buildPhases = (
				CE6468361C459FB0002F73A0 /* Sources */,
				CE6468371C459FB0002F73A0 /* Frameworks */,
				CE6468381C459FB0002F73A0 /* Resources */,
			);
			buildRules = (
			);
			dependencies = (
			);
			name = FriendsBestiOS;
			productName = FriendsBestiOS;
			productReference = CE64683A1C459FB0002F73A0 /* FriendsBestiOS.app */;
			productType = "com.apple.product-type.application";
		};
		CE6468501C459FB0002F73A0 /* FriendsBestiOSTests */ = {
			isa = PBXNativeTarget;
			buildConfigurationList = CE6468681C459FB0002F73A0 /* Build configuration list for PBXNativeTarget "FriendsBestiOSTests" */;
			buildPhases = (
				CE64684D1C459FB0002F73A0 /* Sources */,
				CE64684E1C459FB0002F73A0 /* Frameworks */,
				CE64684F1C459FB0002F73A0 /* Resources */,
			);
			buildRules = (
			);
			dependencies = (
				CE6468531C459FB0002F73A0 /* PBXTargetDependency */,
			);
			name = FriendsBestiOSTests;
			productName = FriendsBestiOSTests;
			productReference = CE6468511C459FB0002F73A0 /* FriendsBestiOSTests.xctest */;
			productType = "com.apple.product-type.bundle.unit-test";
		};
		CE64685B1C459FB0002F73A0 /* FriendsBestiOSUITests */ = {
			isa = PBXNativeTarget;
			buildConfigurationList = CE64686B1C459FB0002F73A0 /* Build configuration list for PBXNativeTarget "FriendsBestiOSUITests" */;
			buildPhases = (
				CE6468581C459FB0002F73A0 /* Sources */,
				CE6468591C459FB0002F73A0 /* Frameworks */,
				CE64685A1C459FB0002F73A0 /* Resources */,
			);
			buildRules = (
			);
			dependencies = (
				CE64685E1C459FB0002F73A0 /* PBXTargetDependency */,
			);
			name = FriendsBestiOSUITests;
			productName = FriendsBestiOSUITests;
			productReference = CE64685C1C459FB0002F73A0 /* FriendsBestiOSUITests.xctest */;
			productType = "com.apple.product-type.bundle.ui-testing";
		};
/* End PBXNativeTarget section */

/* Begin PBXProject section */
		CE6468321C459FB0002F73A0 /* Project object */ = {
			isa = PBXProject;
			attributes = {
				LastSwiftUpdateCheck = 0720;
				LastUpgradeCheck = 0720;
				ORGANIZATIONNAME = "Dominic Furano";
				TargetAttributes = {
					CE6468391C459FB0002F73A0 = {
						CreatedOnToolsVersion = 7.2;
					};
					CE6468501C459FB0002F73A0 = {
						CreatedOnToolsVersion = 7.2;
						TestTargetID = CE6468391C459FB0002F73A0;
					};
					CE64685B1C459FB0002F73A0 = {
						CreatedOnToolsVersion = 7.2;
						TestTargetID = CE6468391C459FB0002F73A0;
					};
				};
			};
			buildConfigurationList = CE6468351C459FB0002F73A0 /* Build configuration list for PBXProject "FriendsBestiOS" */;
			compatibilityVersion = "Xcode 3.2";
			developmentRegion = English;
			hasScannedForEncodings = 0;
			knownRegions = (
				en,
				Base,
			);
			mainGroup = CE6468311C459FB0002F73A0;
			productRefGroup = CE64683B1C459FB0002F73A0 /* Products */;
			projectDirPath = "";
			projectRoot = "";
			targets = (
				CE6468391C459FB0002F73A0 /* FriendsBestiOS */,
				CE6468501C459FB0002F73A0 /* FriendsBestiOSTests */,
				CE64685B1C459FB0002F73A0 /* FriendsBestiOSUITests */,
			);
		};
/* End PBXProject section */

/* Begin PBXResourcesBuildPhase section */
		CE6468381C459FB0002F73A0 /* Resources */ = {
			isa = PBXResourcesBuildPhase;
			buildActionMask = 2147483647;
			files = (
				CE64684B1C459FB0002F73A0 /* LaunchScreen.storyboard in Resources */,
				CE6468481C459FB0002F73A0 /* Assets.xcassets in Resources */,
				CE92889D1C588BAE009A580F /* FontAwesome.otf in Resources */,
				CE6468431C459FB0002F73A0 /* Main.storyboard in Resources */,
				CE9288A01C588BAE009A580F /* ionicons.ttf in Resources */,
				CE92889F1C588BAE009A580F /* foundation-icons.ttf in Resources */,
				CE92889E1C588BAE009A580F /* FontAwesomeKit.podspec in Resources */,
				CE9288A31C588BAE009A580F /* zocial-regular-webfont.ttf in Resources */,
				CE9288A21C588BAE009A580F /* octicons.ttf in Resources */,
				CE9288A11C588BAE009A580F /* Material-Design-Iconic-Font.ttf in Resources */,
			);
			runOnlyForDeploymentPostprocessing = 0;
		};
		CE64684F1C459FB0002F73A0 /* Resources */ = {
			isa = PBXResourcesBuildPhase;
			buildActionMask = 2147483647;
			files = (
			);
			runOnlyForDeploymentPostprocessing = 0;
		};
		CE64685A1C459FB0002F73A0 /* Resources */ = {
			isa = PBXResourcesBuildPhase;
			buildActionMask = 2147483647;
			files = (
			);
			runOnlyForDeploymentPostprocessing = 0;
		};
/* End PBXResourcesBuildPhase section */

/* Begin PBXSourcesBuildPhase section */
		CE6468361C459FB0002F73A0 /* Sources */ = {
			isa = PBXSourcesBuildPhase;
			buildActionMask = 2147483647;
			files = (
				CE9287A91C582C0C009A580F /* NewRecommendationView.swift in Sources */,
				CE9287A71C582197009A580F /* NewRecommendationViewController.swift in Sources */,
				CE92889B1C588BAE009A580F /* FAKOcticons.m in Sources */,
				CE22F3BB1C45F19B00AD2BFB /* QueryHistoryViewController.swift in Sources */,
				CE3967221C4DA82D00F1BB71 /* SolutionsViewController.swift in Sources */,
				CE0368701C617ECD006333DA /* NetworkQueue.swift in Sources */,
				CEBAA2871C4C5BDB0062B38F /* MainView.swift in Sources */,
				CEBAA2831C4C4B450062B38F /* DataController.swift in Sources */,
				CE67F1B21C59156A001056C3 /* Extensions.swift in Sources */,
				CE9F33631C604B7B0018DBC0 /* FacebookLoginViewController.swift in Sources */,
				CE92889C1C588BAE009A580F /* FAKZocial.m in Sources */,
				CEBAA2851C4C584F0062B38F /* MainScreenViewController.swift in Sources */,
				CE6468461C459FB0002F73A0 /* FriendsBestiOS.xcdatamodeld in Sources */,
				CE9288971C588BAE009A580F /* FAKFoundationIcons.m in Sources */,
				CE22F3B81C45D0A000AD2BFB /* NetworkDAO.swift in Sources */,
				CE53AE951C62F04000008F4A /* Timer.swift in Sources */,
				CE64683E1C459FB0002F73A0 /* AppDelegate.swift in Sources */,
				CE9288981C588BAE009A580F /* FAKIcon.m in Sources */,
				CE9288991C588BAE009A580F /* FAKIonIcons.m in Sources */,
				CE9288961C588BAE009A580F /* FAKFontAwesome.m in Sources */,
				CE391DDF1C4E06EB002FD2A1 /* SolutionDetailViewController.swift in Sources */,
				CEBAA2811C4C1DB50062B38F /* DataModel.swift in Sources */,
				CE9F33671C60624B0018DBC0 /* FacebookLoginView.swift in Sources */,
				CE92889A1C588BAE009A580F /* FAKMaterialIcons.m in Sources */,
			);
			runOnlyForDeploymentPostprocessing = 0;
		};
		CE64684D1C459FB0002F73A0 /* Sources */ = {
			isa = PBXSourcesBuildPhase;
			buildActionMask = 2147483647;
			files = (
				CE6468561C459FB0002F73A0 /* FriendsBestiOSTests.swift in Sources */,
			);
			runOnlyForDeploymentPostprocessing = 0;
		};
		CE6468581C459FB0002F73A0 /* Sources */ = {
			isa = PBXSourcesBuildPhase;
			buildActionMask = 2147483647;
			files = (
				CE6468611C459FB0002F73A0 /* FriendsBestiOSUITests.swift in Sources */,
			);
			runOnlyForDeploymentPostprocessing = 0;
		};
/* End PBXSourcesBuildPhase section */

/* Begin PBXTargetDependency section */
		CE6468531C459FB0002F73A0 /* PBXTargetDependency */ = {
			isa = PBXTargetDependency;
			target = CE6468391C459FB0002F73A0 /* FriendsBestiOS */;
			targetProxy = CE6468521C459FB0002F73A0 /* PBXContainerItemProxy */;
		};
		CE64685E1C459FB0002F73A0 /* PBXTargetDependency */ = {
			isa = PBXTargetDependency;
			target = CE6468391C459FB0002F73A0 /* FriendsBestiOS */;
			targetProxy = CE64685D1C459FB0002F73A0 /* PBXContainerItemProxy */;
		};
/* End PBXTargetDependency section */

/* Begin PBXVariantGroup section */
		CE6468411C459FB0002F73A0 /* Main.storyboard */ = {
			isa = PBXVariantGroup;
			children = (
				CE6468421C459FB0002F73A0 /* Base */,
			);
			name = Main.storyboard;
			sourceTree = "<group>";
		};
		CE6468491C459FB0002F73A0 /* LaunchScreen.storyboard */ = {
			isa = PBXVariantGroup;
			children = (
				CE64684A1C459FB0002F73A0 /* Base */,
			);
			name = LaunchScreen.storyboard;
			sourceTree = "<group>";
		};
/* End PBXVariantGroup section */

/* Begin XCBuildConfiguration section */
		CE6468631C459FB0002F73A0 /* Debug */ = {
			isa = XCBuildConfiguration;
			buildSettings = {
				ALWAYS_SEARCH_USER_PATHS = NO;
				CLANG_CXX_LANGUAGE_STANDARD = "gnu++0x";
				CLANG_CXX_LIBRARY = "libc++";
				CLANG_ENABLE_MODULES = YES;
				CLANG_ENABLE_OBJC_ARC = YES;
				CLANG_WARN_BOOL_CONVERSION = YES;
				CLANG_WARN_CONSTANT_CONVERSION = YES;
				CLANG_WARN_DIRECT_OBJC_ISA_USAGE = YES_ERROR;
				CLANG_WARN_EMPTY_BODY = YES;
				CLANG_WARN_ENUM_CONVERSION = YES;
				CLANG_WARN_INT_CONVERSION = YES;
				CLANG_WARN_OBJC_ROOT_CLASS = YES_ERROR;
				CLANG_WARN_UNREACHABLE_CODE = YES;
				CLANG_WARN__DUPLICATE_METHOD_MATCH = YES;
				"CODE_SIGN_IDENTITY[sdk=iphoneos*]" = "iPhone Developer";
				COPY_PHASE_STRIP = NO;
				DEBUG_INFORMATION_FORMAT = dwarf;
				ENABLE_STRICT_OBJC_MSGSEND = YES;
				ENABLE_TESTABILITY = YES;
				GCC_C_LANGUAGE_STANDARD = gnu99;
				GCC_DYNAMIC_NO_PIC = NO;
				GCC_NO_COMMON_BLOCKS = YES;
				GCC_OPTIMIZATION_LEVEL = 0;
				GCC_PREPROCESSOR_DEFINITIONS = (
					"DEBUG=1",
					"$(inherited)",
				);
				GCC_WARN_64_TO_32_BIT_CONVERSION = YES;
				GCC_WARN_ABOUT_RETURN_TYPE = YES_ERROR;
				GCC_WARN_UNDECLARED_SELECTOR = YES;
				GCC_WARN_UNINITIALIZED_AUTOS = YES_AGGRESSIVE;
				GCC_WARN_UNUSED_FUNCTION = YES;
				GCC_WARN_UNUSED_VARIABLE = YES;
				IPHONEOS_DEPLOYMENT_TARGET = 9.2;
				MTL_ENABLE_DEBUG_INFO = YES;
				ONLY_ACTIVE_ARCH = YES;
				SDKROOT = iphoneos;
				SWIFT_OBJC_BRIDGING_HEADER = "";
				SWIFT_OPTIMIZATION_LEVEL = "-Onone";
				TARGETED_DEVICE_FAMILY = "1,2";
			};
			name = Debug;
		};
		CE6468641C459FB0002F73A0 /* Release */ = {
			isa = XCBuildConfiguration;
			buildSettings = {
				ALWAYS_SEARCH_USER_PATHS = NO;
				CLANG_CXX_LANGUAGE_STANDARD = "gnu++0x";
				CLANG_CXX_LIBRARY = "libc++";
				CLANG_ENABLE_MODULES = YES;
				CLANG_ENABLE_OBJC_ARC = YES;
				CLANG_WARN_BOOL_CONVERSION = YES;
				CLANG_WARN_CONSTANT_CONVERSION = YES;
				CLANG_WARN_DIRECT_OBJC_ISA_USAGE = YES_ERROR;
				CLANG_WARN_EMPTY_BODY = YES;
				CLANG_WARN_ENUM_CONVERSION = YES;
				CLANG_WARN_INT_CONVERSION = YES;
				CLANG_WARN_OBJC_ROOT_CLASS = YES_ERROR;
				CLANG_WARN_UNREACHABLE_CODE = YES;
				CLANG_WARN__DUPLICATE_METHOD_MATCH = YES;
				"CODE_SIGN_IDENTITY[sdk=iphoneos*]" = "iPhone Developer";
				COPY_PHASE_STRIP = NO;
				DEBUG_INFORMATION_FORMAT = "dwarf-with-dsym";
				ENABLE_NS_ASSERTIONS = NO;
				ENABLE_STRICT_OBJC_MSGSEND = YES;
				GCC_C_LANGUAGE_STANDARD = gnu99;
				GCC_NO_COMMON_BLOCKS = YES;
				GCC_WARN_64_TO_32_BIT_CONVERSION = YES;
				GCC_WARN_ABOUT_RETURN_TYPE = YES_ERROR;
				GCC_WARN_UNDECLARED_SELECTOR = YES;
				GCC_WARN_UNINITIALIZED_AUTOS = YES_AGGRESSIVE;
				GCC_WARN_UNUSED_FUNCTION = YES;
				GCC_WARN_UNUSED_VARIABLE = YES;
				IPHONEOS_DEPLOYMENT_TARGET = 9.2;
				MTL_ENABLE_DEBUG_INFO = NO;
				SDKROOT = iphoneos;
				SWIFT_OBJC_BRIDGING_HEADER = "";
				TARGETED_DEVICE_FAMILY = "1,2";
				VALIDATE_PRODUCT = YES;
			};
			name = Release;
		};
		CE6468661C459FB0002F73A0 /* Debug */ = {
			isa = XCBuildConfiguration;
			buildSettings = {
				ASSETCATALOG_COMPILER_APPICON_NAME = AppIcon;
				FRAMEWORK_SEARCH_PATHS = (
					"$(inherited)",
					"$(PROJECT_DIR)",
				);
				INFOPLIST_FILE = FriendsBestiOS/Info.plist;
				LD_RUNPATH_SEARCH_PATHS = "$(inherited) @executable_path/Frameworks";
				"OTHER_SWIFT_FLAGS[arch=*]" = "-DDEBUG";
				PRODUCT_BUNDLE_IDENTIFIER = hovercraft.FriendsBestiOS;
				PRODUCT_NAME = "$(TARGET_NAME)";
				SWIFT_OBJC_BRIDGING_HEADER = "FriendsBestiOS/FontAwesome-Header.h";
			};
			name = Debug;
		};
		CE6468671C459FB0002F73A0 /* Release */ = {
			isa = XCBuildConfiguration;
			buildSettings = {
				ASSETCATALOG_COMPILER_APPICON_NAME = AppIcon;
				FRAMEWORK_SEARCH_PATHS = (
					"$(inherited)",
					"$(PROJECT_DIR)",
				);
				INFOPLIST_FILE = FriendsBestiOS/Info.plist;
				LD_RUNPATH_SEARCH_PATHS = "$(inherited) @executable_path/Frameworks";
				PRODUCT_BUNDLE_IDENTIFIER = hovercraft.FriendsBestiOS;
				PRODUCT_NAME = "$(TARGET_NAME)";
				SWIFT_OBJC_BRIDGING_HEADER = "FriendsBestiOS/FontAwesome-Header.h";
			};
			name = Release;
		};
		CE6468691C459FB0002F73A0 /* Debug */ = {
			isa = XCBuildConfiguration;
			buildSettings = {
				BUNDLE_LOADER = "$(TEST_HOST)";
				INFOPLIST_FILE = FriendsBestiOSTests/Info.plist;
				LD_RUNPATH_SEARCH_PATHS = "$(inherited) @executable_path/Frameworks @loader_path/Frameworks";
				PRODUCT_BUNDLE_IDENTIFIER = hovercraft.FriendsBestiOSTests;
				PRODUCT_NAME = "$(TARGET_NAME)";
				TEST_HOST = "$(BUILT_PRODUCTS_DIR)/FriendsBestiOS.app/FriendsBestiOS";
			};
			name = Debug;
		};
		CE64686A1C459FB0002F73A0 /* Release */ = {
			isa = XCBuildConfiguration;
			buildSettings = {
				BUNDLE_LOADER = "$(TEST_HOST)";
				INFOPLIST_FILE = FriendsBestiOSTests/Info.plist;
				LD_RUNPATH_SEARCH_PATHS = "$(inherited) @executable_path/Frameworks @loader_path/Frameworks";
				PRODUCT_BUNDLE_IDENTIFIER = hovercraft.FriendsBestiOSTests;
				PRODUCT_NAME = "$(TARGET_NAME)";
				TEST_HOST = "$(BUILT_PRODUCTS_DIR)/FriendsBestiOS.app/FriendsBestiOS";
			};
			name = Release;
		};
		CE64686C1C459FB0002F73A0 /* Debug */ = {
			isa = XCBuildConfiguration;
			buildSettings = {
				INFOPLIST_FILE = FriendsBestiOSUITests/Info.plist;
				LD_RUNPATH_SEARCH_PATHS = "$(inherited) @executable_path/Frameworks @loader_path/Frameworks";
				PRODUCT_BUNDLE_IDENTIFIER = hovercraft.FriendsBestiOSUITests;
				PRODUCT_NAME = "$(TARGET_NAME)";
				TEST_TARGET_NAME = FriendsBestiOS;
				USES_XCTRUNNER = YES;
			};
			name = Debug;
		};
		CE64686D1C459FB0002F73A0 /* Release */ = {
			isa = XCBuildConfiguration;
			buildSettings = {
				INFOPLIST_FILE = FriendsBestiOSUITests/Info.plist;
				LD_RUNPATH_SEARCH_PATHS = "$(inherited) @executable_path/Frameworks @loader_path/Frameworks";
				PRODUCT_BUNDLE_IDENTIFIER = hovercraft.FriendsBestiOSUITests;
				PRODUCT_NAME = "$(TARGET_NAME)";
				TEST_TARGET_NAME = FriendsBestiOS;
				USES_XCTRUNNER = YES;
			};
			name = Release;
		};
/* End XCBuildConfiguration section */

/* Begin XCConfigurationList section */
		CE6468351C459FB0002F73A0 /* Build configuration list for PBXProject "FriendsBestiOS" */ = {
			isa = XCConfigurationList;
			buildConfigurations = (
				CE6468631C459FB0002F73A0 /* Debug */,
				CE6468641C459FB0002F73A0 /* Release */,
			);
			defaultConfigurationIsVisible = 0;
			defaultConfigurationName = Release;
		};
		CE6468651C459FB0002F73A0 /* Build configuration list for PBXNativeTarget "FriendsBestiOS" */ = {
			isa = XCConfigurationList;
			buildConfigurations = (
				CE6468661C459FB0002F73A0 /* Debug */,
				CE6468671C459FB0002F73A0 /* Release */,
			);
			defaultConfigurationIsVisible = 0;
			defaultConfigurationName = Release;
		};
		CE6468681C459FB0002F73A0 /* Build configuration list for PBXNativeTarget "FriendsBestiOSTests" */ = {
			isa = XCConfigurationList;
			buildConfigurations = (
				CE6468691C459FB0002F73A0 /* Debug */,
				CE64686A1C459FB0002F73A0 /* Release */,
			);
			defaultConfigurationIsVisible = 0;
			defaultConfigurationName = Release;
		};
		CE64686B1C459FB0002F73A0 /* Build configuration list for PBXNativeTarget "FriendsBestiOSUITests" */ = {
			isa = XCConfigurationList;
			buildConfigurations = (
				CE64686C1C459FB0002F73A0 /* Debug */,
				CE64686D1C459FB0002F73A0 /* Release */,
			);
			defaultConfigurationIsVisible = 0;
			defaultConfigurationName = Release;
		};
/* End XCConfigurationList section */

/* Begin XCVersionGroup section */
		CE6468441C459FB0002F73A0 /* FriendsBestiOS.xcdatamodeld */ = {
			isa = XCVersionGroup;
			children = (
				CE6468451C459FB0002F73A0 /* FriendsBestiOS.xcdatamodel */,
			);
			currentVersion = CE6468451C459FB0002F73A0 /* FriendsBestiOS.xcdatamodel */;
			path = FriendsBestiOS.xcdatamodeld;
			sourceTree = "<group>";
			versionGroupType = wrapper.xcdatamodel;
		};
/* End XCVersionGroup section */
	};
	rootObject = CE6468321C459FB0002F73A0 /* Project object */;
}
